{
  "object": {
    "pins": [
      {
        "package": "DelaunayTriangulation",
        "repositoryURL": "git@github.com:AlexLittlejohn/DelaunaySwift.git",
        "state": {
          "branch": null,
          "revision": "5738c6a3b140d990a5dd89fe50d0cae933268bda",
          "version": "1.0.0"
        }
      }
    ]
  },
  "version": 1
}
